
Microsoft Visual Studio Solution File, Format Version 12.00
# Visual Studio Version 17
VisualStudioVersion = 17.12.35527.113
MinimumVisualStudioVersion = 10.0.40219.1
Project("{FAE04EC0-301F-11D3-BF4B-00C04F79EFBC}") = "CareerPath.Api", "CareerPath\CareerPath.Api.csproj", "{34A6E65C-487F-45BC-899C-8D4A1EFAE035}"
EndProject
Project("{FAE04EC0-301F-11D3-BF4B-00C04F79EFBC}") = "CareerPath.Domain", "CareerPath.Domain\CareerPath.Domain.csproj", "{58E4D823-DA00-4E28-B6BE-4612185F3661}"
EndProject
Project("{FAE04EC0-301F-11D3-BF4B-00C04F79EFBC}") = "CareerPath.Infrastructure", "CareerPath.Infrastructure\CareerPath.Infrastructure.csproj", "{73371BFF-87FF-421E-9E6E-B40333C0708E}"
EndProject
Project("{FAE04EC0-301F-11D3-BF4B-00C04F79EFBC}") = "CareerPath.Application", "CareerPath.Application\CareerPath.Application.csproj", "{FF7CBFF7-47C2-4369-BF7B-28087EE15268}"
EndProject
Project("{FAE04EC0-301F-11D3-BF4B-00C04F79EFBC}") = "CareerPath.Contracts", "CareerPath.Contracts\CareerPath.Contracts.csproj", "{2AB21989-A7AA-4246-818A-23515173387B}"
EndProject
Project("{FAE04EC0-301F-11D3-BF4B-00C04F79EFBC}") = "EmailConfigration", "EmailConfigration\EmailConfigration.csproj", "{FBB0D5B2-A9A4-4428-89CE-BB3DC7B56B6B}"
EndProject
Global
	GlobalSection(SolutionConfigurationPlatforms) = preSolution
		Debug|Any CPU = Debug|Any CPU
		Release|Any CPU = Release|Any CPU
	EndGlobalSection
	GlobalSection(ProjectConfigurationPlatforms) = postSolution
		{34A6E65C-487F-45BC-899C-8D4A1EFAE035}.Debug|Any CPU.ActiveCfg = Debug|Any CPU
		{34A6E65C-487F-45BC-899C-8D4A1EFAE035}.Debug|Any CPU.Build.0 = Debug|Any CPU
		{34A6E65C-487F-45BC-899C-8D4A1EFAE035}.Release|Any CPU.ActiveCfg = Release|Any CPU
		{34A6E65C-487F-45BC-899C-8D4A1EFAE035}.Release|Any CPU.Build.0 = Release|Any CPU
		{58E4D823-DA00-4E28-B6BE-4612185F3661}.Debug|Any CPU.ActiveCfg = Debug|Any CPU
		{58E4D823-DA00-4E28-B6BE-4612185F3661}.Debug|Any CPU.Build.0 = Debug|Any CPU
		{58E4D823-DA00-4E28-B6BE-4612185F3661}.Release|Any CPU.ActiveCfg = Release|Any CPU
		{58E4D823-DA00-4E28-B6BE-4612185F3661}.Release|Any CPU.Build.0 = Release|Any CPU
		{73371BFF-87FF-421E-9E6E-B40333C0708E}.Debug|Any CPU.ActiveCfg = Debug|Any CPU
		{73371BFF-87FF-421E-9E6E-B40333C0708E}.Debug|Any CPU.Build.0 = Debug|Any CPU
		{73371BFF-87FF-421E-9E6E-B40333C0708E}.Release|Any CPU.ActiveCfg = Release|Any CPU
		{73371BFF-87FF-421E-9E6E-B40333C0708E}.Release|Any CPU.Build.0 = Release|Any CPU
		{FF7CBFF7-47C2-4369-BF7B-28087EE15268}.Debug|Any CPU.ActiveCfg = Debug|Any CPU
		{FF7CBFF7-47C2-4369-BF7B-28087EE15268}.Debug|Any CPU.Build.0 = Debug|Any CPU
		{FF7CBFF7-47C2-4369-BF7B-28087EE15268}.Release|Any CPU.ActiveCfg = Release|Any CPU
		{FF7CBFF7-47C2-4369-BF7B-28087EE15268}.Release|Any CPU.Build.0 = Release|Any CPU
		{2AB21989-A7AA-4246-818A-23515173387B}.Debug|Any CPU.ActiveCfg = Debug|Any CPU
		{2AB21989-A7AA-4246-818A-23515173387B}.Debug|Any CPU.Build.0 = Debug|Any CPU
		{2AB21989-A7AA-4246-818A-23515173387B}.Release|Any CPU.ActiveCfg = Release|Any CPU
		{2AB21989-A7AA-4246-818A-23515173387B}.Release|Any CPU.Build.0 = Release|Any CPU
		{FBB0D5B2-A9A4-4428-89CE-BB3DC7B56B6B}.Debug|Any CPU.ActiveCfg = Debug|Any CPU
		{FBB0D5B2-A9A4-4428-89CE-BB3DC7B56B6B}.Debug|Any CPU.Build.0 = Debug|Any CPU
		{FBB0D5B2-A9A4-4428-89CE-BB3DC7B56B6B}.Release|Any CPU.ActiveCfg = Release|Any CPU
		{FBB0D5B2-A9A4-4428-89CE-BB3DC7B56B6B}.Release|Any CPU.Build.0 = Release|Any CPU
	EndGlobalSection
	GlobalSection(SolutionProperties) = preSolution
		HideSolutionNode = FALSE
	EndGlobalSection
EndGlobal
